
Microsoft Visual Studio Solution File, Format Version 12.00
# Visual Studio Version 17
VisualStudioVersion = 17.11.35222.181
MinimumVisualStudioVersion = 10.0.40219.1
Project("{9A19103F-16F7-4668-BE54-9A1E7A4F7556}") = "Candidate_BusinessObjects", "..\Candidate_BusinessObject\Candidate_BusinessObjects.csproj", "{499B1995-62E3-45D7-9DC0-1163D78F86F2}"
EndProject
Project("{9A19103F-16F7-4668-BE54-9A1E7A4F7556}") = "Candidate_DAO", "..\Candidate_DAO\Candidate_DAO.csproj", "{32E3C912-A145-4D43-99E4-B57888977B61}"
EndProject
Project("{9A19103F-16F7-4668-BE54-9A1E7A4F7556}") = "Candidate_Repositories", "..\Candidate_Repository\Candidate_Repositories.csproj", "{3D34673D-48A4-400D-855C-D96DA437B38F}"
EndProject
Project("{9A19103F-16F7-4668-BE54-9A1E7A4F7556}") = "Candidate_Services", "..\Candidate_Services\Candidate_Services.csproj", "{0E45A0F9-959B-4C97-83B4-4B284B47C902}"
EndProject
Project("{9A19103F-16F7-4668-BE54-9A1E7A4F7556}") = "CandidateManageWebsite", "..\CandidateManageWebsite\CandidateManageWebsite.csproj", "{39F65D22-804A-4CFF-806D-E2BBBB098D5D}"
EndProject
Project("{9A19103F-16F7-4668-BE54-9A1E7A4F7556}") = "Test", "..\Test\Test.csproj", "{14A9597C-E2DF-48B0-94CC-B82A7C394125}"
EndProject
Global
	GlobalSection(SolutionConfigurationPlatforms) = preSolution
		Debug|Any CPU = Debug|Any CPU
		Release|Any CPU = Release|Any CPU
	EndGlobalSection
	GlobalSection(ProjectConfigurationPlatforms) = postSolution
		{499B1995-62E3-45D7-9DC0-1163D78F86F2}.Debug|Any CPU.ActiveCfg = Debug|Any CPU
		{499B1995-62E3-45D7-9DC0-1163D78F86F2}.Debug|Any CPU.Build.0 = Debug|Any CPU
		{499B1995-62E3-45D7-9DC0-1163D78F86F2}.Release|Any CPU.ActiveCfg = Release|Any CPU
		{499B1995-62E3-45D7-9DC0-1163D78F86F2}.Release|Any CPU.Build.0 = Release|Any CPU
		{32E3C912-A145-4D43-99E4-B57888977B61}.Debug|Any CPU.ActiveCfg = Debug|Any CPU
		{32E3C912-A145-4D43-99E4-B57888977B61}.Debug|Any CPU.Build.0 = Debug|Any CPU
		{32E3C912-A145-4D43-99E4-B57888977B61}.Release|Any CPU.ActiveCfg = Release|Any CPU
		{32E3C912-A145-4D43-99E4-B57888977B61}.Release|Any CPU.Build.0 = Release|Any CPU
		{3D34673D-48A4-400D-855C-D96DA437B38F}.Debug|Any CPU.ActiveCfg = Debug|Any CPU
		{3D34673D-48A4-400D-855C-D96DA437B38F}.Debug|Any CPU.Build.0 = Debug|Any CPU
		{3D34673D-48A4-400D-855C-D96DA437B38F}.Release|Any CPU.ActiveCfg = Release|Any CPU
		{3D34673D-48A4-400D-855C-D96DA437B38F}.Release|Any CPU.Build.0 = Release|Any CPU
		{0E45A0F9-959B-4C97-83B4-4B284B47C902}.Debug|Any CPU.ActiveCfg = Debug|Any CPU
		{0E45A0F9-959B-4C97-83B4-4B284B47C902}.Debug|Any CPU.Build.0 = Debug|Any CPU
		{0E45A0F9-959B-4C97-83B4-4B284B47C902}.Release|Any CPU.ActiveCfg = Release|Any CPU
		{0E45A0F9-959B-4C97-83B4-4B284B47C902}.Release|Any CPU.Build.0 = Release|Any CPU
		{39F65D22-804A-4CFF-806D-E2BBBB098D5D}.Debug|Any CPU.ActiveCfg = Debug|Any CPU
		{39F65D22-804A-4CFF-806D-E2BBBB098D5D}.Debug|Any CPU.Build.0 = Debug|Any CPU
		{39F65D22-804A-4CFF-806D-E2BBBB098D5D}.Release|Any CPU.ActiveCfg = Release|Any CPU
		{39F65D22-804A-4CFF-806D-E2BBBB098D5D}.Release|Any CPU.Build.0 = Release|Any CPU
		{14A9597C-E2DF-48B0-94CC-B82A7C394125}.Debug|Any CPU.ActiveCfg = Debug|Any CPU
		{14A9597C-E2DF-48B0-94CC-B82A7C394125}.Debug|Any CPU.Build.0 = Debug|Any CPU
		{14A9597C-E2DF-48B0-94CC-B82A7C394125}.Release|Any CPU.ActiveCfg = Release|Any CPU
		{14A9597C-E2DF-48B0-94CC-B82A7C394125}.Release|Any CPU.Build.0 = Release|Any CPU
	EndGlobalSection
	GlobalSection(SolutionProperties) = preSolution
		HideSolutionNode = FALSE
	EndGlobalSection
	GlobalSection(ExtensibilityGlobals) = postSolution
		SolutionGuid = {700A0D6E-CADD-456A-92C3-9D55D16C0F91}
	EndGlobalSection
EndGlobal
